
Microsoft Visual Studio Solution File, Format Version 12.00
# Visual Studio Version 16
VisualStudioVersion = 16.0.30114.105
MinimumVisualStudioVersion = 10.0.40219.1
Project("{FAE04EC0-301F-11D3-BF4B-00C04F79EFBC}") = "Domain", "Domain\Domain.csproj", "{496F09C7-FFB5-4CF0-896D-0969215C503C}"
EndProject
Project("{FAE04EC0-301F-11D3-BF4B-00C04F79EFBC}") = "Application", "Application\Application.csproj", "{8C139AB3-C13A-4CEB-B677-86E6E28A6EB6}"
EndProject
Global
	GlobalSection(SolutionConfigurationPlatforms) = preSolution
		Debug|Any CPU = Debug|Any CPU
		Release|Any CPU = Release|Any CPU
	EndGlobalSection
	GlobalSection(SolutionProperties) = preSolution
		HideSolutionNode = FALSE
	EndGlobalSection
	GlobalSection(ProjectConfigurationPlatforms) = postSolution
		{496F09C7-FFB5-4CF0-896D-0969215C503C}.Debug|Any CPU.ActiveCfg = Debug|Any CPU
		{496F09C7-FFB5-4CF0-896D-0969215C503C}.Debug|Any CPU.Build.0 = Debug|Any CPU
		{496F09C7-FFB5-4CF0-896D-0969215C503C}.Release|Any CPU.ActiveCfg = Release|Any CPU
		{496F09C7-FFB5-4CF0-896D-0969215C503C}.Release|Any CPU.Build.0 = Release|Any CPU
		{8C139AB3-C13A-4CEB-B677-86E6E28A6EB6}.Debug|Any CPU.ActiveCfg = Debug|Any CPU
		{8C139AB3-C13A-4CEB-B677-86E6E28A6EB6}.Debug|Any CPU.Build.0 = Debug|Any CPU
		{8C139AB3-C13A-4CEB-B677-86E6E28A6EB6}.Release|Any CPU.ActiveCfg = Release|Any CPU
		{8C139AB3-C13A-4CEB-B677-86E6E28A6EB6}.Release|Any CPU.Build.0 = Release|Any CPU
	EndGlobalSection
EndGlobal
